
Microsoft Visual Studio Solution File, Format Version 12.00
# Visual Studio 15
VisualStudioVersion = 15.0.27004.2002
MinimumVisualStudioVersion = 10.0.40219.1
Project("{FAE04EC0-301F-11D3-BF4B-00C04F79EFBC}") = "Angular_API", "Angular_API\Angular_API.csproj", "{B185544F-D5DB-4E0A-83F1-0559335CB8B1}"
EndProject
Global
	GlobalSection(SolutionConfigurationPlatforms) = preSolution
		Debug|Any CPU = Debug|Any CPU
		Release|Any CPU = Release|Any CPU
	EndGlobalSection
	GlobalSection(ProjectConfigurationPlatforms) = postSolution
		{B185544F-D5DB-4E0A-83F1-0559335CB8B1}.Debug|Any CPU.ActiveCfg = Debug|Any CPU
		{B185544F-D5DB-4E0A-83F1-0559335CB8B1}.Debug|Any CPU.Build.0 = Debug|Any CPU
		{B185544F-D5DB-4E0A-83F1-0559335CB8B1}.Release|Any CPU.ActiveCfg = Release|Any CPU
		{B185544F-D5DB-4E0A-83F1-0559335CB8B1}.Release|Any CPU.Build.0 = Release|Any CPU
	EndGlobalSection
	GlobalSection(SolutionProperties) = preSolution
		HideSolutionNode = FALSE
	EndGlobalSection
	GlobalSection(ExtensibilityGlobals) = postSolution
		SolutionGuid = {0BD28549-486C-4016-8960-99F568FA108A}
	EndGlobalSection
EndGlobal
